
Microsoft Visual Studio Solution File, Format Version 12.00
# Visual Studio Version 16
VisualStudioVersion = 16.0.30517.126
MinimumVisualStudioVersion = 10.0.40219.1
Project("{FAE04EC0-301F-11D3-BF4B-00C04F79EFBC}") = "Collections", "Collections\Collections.csproj", "{645867D1-8F7A-4632-B3EB-F9066FB182E4}"
EndProject
Global
	GlobalSection(SolutionConfigurationPlatforms) = preSolution
		Debug|Any CPU = Debug|Any CPU
		Release|Any CPU = Release|Any CPU
	EndGlobalSection
	GlobalSection(ProjectConfigurationPlatforms) = postSolution
		{645867D1-8F7A-4632-B3EB-F9066FB182E4}.Debug|Any CPU.ActiveCfg = Debug|Any CPU
		{645867D1-8F7A-4632-B3EB-F9066FB182E4}.Debug|Any CPU.Build.0 = Debug|Any CPU
		{645867D1-8F7A-4632-B3EB-F9066FB182E4}.Release|Any CPU.ActiveCfg = Release|Any CPU
		{645867D1-8F7A-4632-B3EB-F9066FB182E4}.Release|Any CPU.Build.0 = Release|Any CPU
	EndGlobalSection
	GlobalSection(SolutionProperties) = preSolution
		HideSolutionNode = FALSE
	EndGlobalSection
	GlobalSection(ExtensibilityGlobals) = postSolution
		SolutionGuid = {E27FE30C-9D10-483C-99C6-B5CE1F4655D1}
	EndGlobalSection
EndGlobal
