
Microsoft Visual Studio Solution File, Format Version 12.00
# Visual Studio Version 16
VisualStudioVersion = 16.0.30804.86
MinimumVisualStudioVersion = 10.0.40219.1
Project("{FAE04EC0-301F-11D3-BF4B-00C04F79EFBC}") = "MemoryTestWPF", "MemoryTestWPF\MemoryTestWPF.csproj", "{020AE3BA-B8A2-4EEE-A502-0FBF146AB8B7}"
EndProject
Global
	GlobalSection(SolutionConfigurationPlatforms) = preSolution
		Debug|Any CPU = Debug|Any CPU
		Release|Any CPU = Release|Any CPU
	EndGlobalSection
	GlobalSection(ProjectConfigurationPlatforms) = postSolution
		{020AE3BA-B8A2-4EEE-A502-0FBF146AB8B7}.Debug|Any CPU.ActiveCfg = Debug|Any CPU
		{020AE3BA-B8A2-4EEE-A502-0FBF146AB8B7}.Debug|Any CPU.Build.0 = Debug|Any CPU
		{020AE3BA-B8A2-4EEE-A502-0FBF146AB8B7}.Release|Any CPU.ActiveCfg = Release|Any CPU
		{020AE3BA-B8A2-4EEE-A502-0FBF146AB8B7}.Release|Any CPU.Build.0 = Release|Any CPU
	EndGlobalSection
	GlobalSection(SolutionProperties) = preSolution
		HideSolutionNode = FALSE
	EndGlobalSection
	GlobalSection(ExtensibilityGlobals) = postSolution
		SolutionGuid = {88F3B6C2-8BA4-44ED-800E-2B6C12533325}
	EndGlobalSection
EndGlobal
