
Microsoft Visual Studio Solution File, Format Version 12.00
# Visual Studio Version 16
VisualStudioVersion = 16.0.31613.86
MinimumVisualStudioVersion = 10.0.40219.1
Project("{9A19103F-16F7-4668-BE54-9A1E7A4F7556}") = "Parallelism", "Parallelism\Parallelism.csproj", "{0CF7F866-1D16-4556-B7B9-E65261594F22}"
EndProject
Project("{FAE04EC0-301F-11D3-BF4B-00C04F79EFBC}") = "CompileQueries", "CompileQueries\CompileQueries.csproj", "{25A9370B-F4DE-412E-86B4-8783D03A755A}"
EndProject
Project("{FAE04EC0-301F-11D3-BF4B-00C04F79EFBC}") = "Views", "Views\Views.csproj", "{B21785CB-C19E-4B36-A20A-03DBA4E226D8}"
EndProject
Global
	GlobalSection(SolutionConfigurationPlatforms) = preSolution
		Debug|Any CPU = Debug|Any CPU
		Release|Any CPU = Release|Any CPU
	EndGlobalSection
	GlobalSection(ProjectConfigurationPlatforms) = postSolution
		{0CF7F866-1D16-4556-B7B9-E65261594F22}.Debug|Any CPU.ActiveCfg = Debug|Any CPU
		{0CF7F866-1D16-4556-B7B9-E65261594F22}.Debug|Any CPU.Build.0 = Debug|Any CPU
		{0CF7F866-1D16-4556-B7B9-E65261594F22}.Release|Any CPU.ActiveCfg = Release|Any CPU
		{0CF7F866-1D16-4556-B7B9-E65261594F22}.Release|Any CPU.Build.0 = Release|Any CPU
		{25A9370B-F4DE-412E-86B4-8783D03A755A}.Debug|Any CPU.ActiveCfg = Debug|Any CPU
		{25A9370B-F4DE-412E-86B4-8783D03A755A}.Debug|Any CPU.Build.0 = Debug|Any CPU
		{25A9370B-F4DE-412E-86B4-8783D03A755A}.Release|Any CPU.ActiveCfg = Release|Any CPU
		{25A9370B-F4DE-412E-86B4-8783D03A755A}.Release|Any CPU.Build.0 = Release|Any CPU
		{B21785CB-C19E-4B36-A20A-03DBA4E226D8}.Debug|Any CPU.ActiveCfg = Debug|Any CPU
		{B21785CB-C19E-4B36-A20A-03DBA4E226D8}.Debug|Any CPU.Build.0 = Debug|Any CPU
		{B21785CB-C19E-4B36-A20A-03DBA4E226D8}.Release|Any CPU.ActiveCfg = Release|Any CPU
		{B21785CB-C19E-4B36-A20A-03DBA4E226D8}.Release|Any CPU.Build.0 = Release|Any CPU
	EndGlobalSection
	GlobalSection(SolutionProperties) = preSolution
		HideSolutionNode = FALSE
	EndGlobalSection
	GlobalSection(ExtensibilityGlobals) = postSolution
		SolutionGuid = {8CDD6D23-8196-469F-BF2E-824F1E7936C5}
	EndGlobalSection
EndGlobal
