
Microsoft Visual Studio Solution File, Format Version 12.00
# Visual Studio Version 16
VisualStudioVersion = 16.0.30711.63
MinimumVisualStudioVersion = 10.0.40219.1
Project("{FAE04EC0-301F-11D3-BF4B-00C04F79EFBC}") = "RegexTest", "RegexTest\RegexTest.csproj", "{247804A5-A658-42E1-8C3C-1AA34C67DA8A}"
EndProject
Global
	GlobalSection(SolutionConfigurationPlatforms) = preSolution
		Debug|Any CPU = Debug|Any CPU
		Release|Any CPU = Release|Any CPU
	EndGlobalSection
	GlobalSection(ProjectConfigurationPlatforms) = postSolution
		{247804A5-A658-42E1-8C3C-1AA34C67DA8A}.Debug|Any CPU.ActiveCfg = Debug|Any CPU
		{247804A5-A658-42E1-8C3C-1AA34C67DA8A}.Debug|Any CPU.Build.0 = Debug|Any CPU
		{247804A5-A658-42E1-8C3C-1AA34C67DA8A}.Release|Any CPU.ActiveCfg = Release|Any CPU
		{247804A5-A658-42E1-8C3C-1AA34C67DA8A}.Release|Any CPU.Build.0 = Release|Any CPU
	EndGlobalSection
	GlobalSection(SolutionProperties) = preSolution
		HideSolutionNode = FALSE
	EndGlobalSection
	GlobalSection(ExtensibilityGlobals) = postSolution
		SolutionGuid = {3C0A01DF-BFA4-4B43-9CBD-EB031EE70991}
	EndGlobalSection
EndGlobal
