
Microsoft Visual Studio Solution File, Format Version 12.00
# Visual Studio Version 16
VisualStudioVersion = 16.0.30907.101
MinimumVisualStudioVersion = 10.0.40219.1
Project("{FAE04EC0-301F-11D3-BF4B-00C04F79EFBC}") = "TestNET5", "TestNET5\TestNET5.csproj", "{43083959-D42F-48BA-9B99-8815DC300544}"
EndProject
Global
	GlobalSection(SolutionConfigurationPlatforms) = preSolution
		Debug|Any CPU = Debug|Any CPU
		Release|Any CPU = Release|Any CPU
	EndGlobalSection
	GlobalSection(ProjectConfigurationPlatforms) = postSolution
		{43083959-D42F-48BA-9B99-8815DC300544}.Debug|Any CPU.ActiveCfg = Debug|Any CPU
		{43083959-D42F-48BA-9B99-8815DC300544}.Debug|Any CPU.Build.0 = Debug|Any CPU
		{43083959-D42F-48BA-9B99-8815DC300544}.Release|Any CPU.ActiveCfg = Release|Any CPU
		{43083959-D42F-48BA-9B99-8815DC300544}.Release|Any CPU.Build.0 = Release|Any CPU
	EndGlobalSection
	GlobalSection(SolutionProperties) = preSolution
		HideSolutionNode = FALSE
	EndGlobalSection
	GlobalSection(ExtensibilityGlobals) = postSolution
		SolutionGuid = {CF6DF2E9-5BE6-4F24-B2AD-6149DE0B9A9D}
	EndGlobalSection
EndGlobal
