
Microsoft Visual Studio Solution File, Format Version 12.00
# Visual Studio Version 16
VisualStudioVersion = 16.0.30717.126
MinimumVisualStudioVersion = 10.0.40219.1
Project("{FAE04EC0-301F-11D3-BF4B-00C04F79EFBC}") = "ServerClientChat", "Server\ServerClientChat.csproj", "{A9754A0D-C045-4834-B309-FC432B3478F7}"
EndProject
Project("{FAE04EC0-301F-11D3-BF4B-00C04F79EFBC}") = "Client", "Client1\Client.csproj", "{54842BDC-673B-42F3-97C6-BFBADF17423A}"
EndProject
Global
	GlobalSection(SolutionConfigurationPlatforms) = preSolution
		Debug|Any CPU = Debug|Any CPU
		Release|Any CPU = Release|Any CPU
	EndGlobalSection
	GlobalSection(ProjectConfigurationPlatforms) = postSolution
		{A9754A0D-C045-4834-B309-FC432B3478F7}.Debug|Any CPU.ActiveCfg = Debug|Any CPU
		{A9754A0D-C045-4834-B309-FC432B3478F7}.Debug|Any CPU.Build.0 = Debug|Any CPU
		{A9754A0D-C045-4834-B309-FC432B3478F7}.Release|Any CPU.ActiveCfg = Release|Any CPU
		{A9754A0D-C045-4834-B309-FC432B3478F7}.Release|Any CPU.Build.0 = Release|Any CPU
		{54842BDC-673B-42F3-97C6-BFBADF17423A}.Debug|Any CPU.ActiveCfg = Debug|Any CPU
		{54842BDC-673B-42F3-97C6-BFBADF17423A}.Debug|Any CPU.Build.0 = Debug|Any CPU
		{54842BDC-673B-42F3-97C6-BFBADF17423A}.Release|Any CPU.ActiveCfg = Release|Any CPU
		{54842BDC-673B-42F3-97C6-BFBADF17423A}.Release|Any CPU.Build.0 = Release|Any CPU
	EndGlobalSection
	GlobalSection(SolutionProperties) = preSolution
		HideSolutionNode = FALSE
	EndGlobalSection
	GlobalSection(ExtensibilityGlobals) = postSolution
		SolutionGuid = {590AAF29-88AF-4463-AF56-F6DA615FC8FA}
	EndGlobalSection
EndGlobal
