
Microsoft Visual Studio Solution File, Format Version 12.00
# Visual Studio Version 16
VisualStudioVersion = 16.0.30621.155
MinimumVisualStudioVersion = 10.0.40219.1
Project("{FAE04EC0-301F-11D3-BF4B-00C04F79EFBC}") = "Graph", "Graph\Graph.csproj", "{B1C8E347-BCC4-40D2-BF3F-FFF57B4EE8BC}"
EndProject
Global
	GlobalSection(SolutionConfigurationPlatforms) = preSolution
		Debug|Any CPU = Debug|Any CPU
		Release|Any CPU = Release|Any CPU
	EndGlobalSection
	GlobalSection(ProjectConfigurationPlatforms) = postSolution
		{B1C8E347-BCC4-40D2-BF3F-FFF57B4EE8BC}.Debug|Any CPU.ActiveCfg = Debug|Any CPU
		{B1C8E347-BCC4-40D2-BF3F-FFF57B4EE8BC}.Debug|Any CPU.Build.0 = Debug|Any CPU
		{B1C8E347-BCC4-40D2-BF3F-FFF57B4EE8BC}.Release|Any CPU.ActiveCfg = Release|Any CPU
		{B1C8E347-BCC4-40D2-BF3F-FFF57B4EE8BC}.Release|Any CPU.Build.0 = Release|Any CPU
	EndGlobalSection
	GlobalSection(SolutionProperties) = preSolution
		HideSolutionNode = FALSE
	EndGlobalSection
	GlobalSection(ExtensibilityGlobals) = postSolution
		SolutionGuid = {B9735210-1FB3-4B92-8D8B-6C38456433D2}
	EndGlobalSection
EndGlobal
