
Microsoft Visual Studio Solution File, Format Version 12.00
# Visual Studio Version 16
VisualStudioVersion = 16.0.30907.101
MinimumVisualStudioVersion = 10.0.40219.1
Project("{FAE04EC0-301F-11D3-BF4B-00C04F79EFBC}") = "WindowsFormsApp3", "WindowsFormsApp3\WindowsFormsApp3.csproj", "{CA06FEA0-DCBC-492D-9B45-EC02E4FBFFAE}"
EndProject
Global
	GlobalSection(SolutionConfigurationPlatforms) = preSolution
		Debug|Any CPU = Debug|Any CPU
		Release|Any CPU = Release|Any CPU
	EndGlobalSection
	GlobalSection(ProjectConfigurationPlatforms) = postSolution
		{CA06FEA0-DCBC-492D-9B45-EC02E4FBFFAE}.Debug|Any CPU.ActiveCfg = Debug|Any CPU
		{CA06FEA0-DCBC-492D-9B45-EC02E4FBFFAE}.Debug|Any CPU.Build.0 = Debug|Any CPU
		{CA06FEA0-DCBC-492D-9B45-EC02E4FBFFAE}.Release|Any CPU.ActiveCfg = Release|Any CPU
		{CA06FEA0-DCBC-492D-9B45-EC02E4FBFFAE}.Release|Any CPU.Build.0 = Release|Any CPU
	EndGlobalSection
	GlobalSection(SolutionProperties) = preSolution
		HideSolutionNode = FALSE
	EndGlobalSection
	GlobalSection(ExtensibilityGlobals) = postSolution
		SolutionGuid = {B0FBDD80-5C07-47CF-9115-51E6E9F3F315}
	EndGlobalSection
EndGlobal
