
Microsoft Visual Studio Solution File, Format Version 12.00
# Visual Studio Version 16
VisualStudioVersion = 16.0.30330.147
MinimumVisualStudioVersion = 10.0.40219.1
Project("{FAE04EC0-301F-11D3-BF4B-00C04F79EFBC}") = "StudyWpfApp", "StudyWpfApp\StudyWpfApp.csproj", "{97FAA31F-7CDC-4B64-9AAA-754A3FC78C94}"
EndProject
Global
	GlobalSection(SolutionConfigurationPlatforms) = preSolution
		Debug|Any CPU = Debug|Any CPU
		Release|Any CPU = Release|Any CPU
	EndGlobalSection
	GlobalSection(ProjectConfigurationPlatforms) = postSolution
		{97FAA31F-7CDC-4B64-9AAA-754A3FC78C94}.Debug|Any CPU.ActiveCfg = Debug|Any CPU
		{97FAA31F-7CDC-4B64-9AAA-754A3FC78C94}.Debug|Any CPU.Build.0 = Debug|Any CPU
		{97FAA31F-7CDC-4B64-9AAA-754A3FC78C94}.Release|Any CPU.ActiveCfg = Release|Any CPU
		{97FAA31F-7CDC-4B64-9AAA-754A3FC78C94}.Release|Any CPU.Build.0 = Release|Any CPU
	EndGlobalSection
	GlobalSection(SolutionProperties) = preSolution
		HideSolutionNode = FALSE
	EndGlobalSection
	GlobalSection(ExtensibilityGlobals) = postSolution
		SolutionGuid = {4674AC0D-31F7-4DD0-B995-F4D6D1FB1B49}
	EndGlobalSection
EndGlobal
