
Microsoft Visual Studio Solution File, Format Version 12.00
# Visual Studio Version 16
VisualStudioVersion = 16.0.31005.135
MinimumVisualStudioVersion = 10.0.40219.1
Project("{FAE04EC0-301F-11D3-BF4B-00C04F79EFBC}") = "TableUI", "TableUI\TableUI.csproj", "{3DADADAF-A133-4596-9A59-0221C2806261}"
EndProject
Project("{FAE04EC0-301F-11D3-BF4B-00C04F79EFBC}") = "ExamApp", "ExamApp\ExamApp.csproj", "{010D4BAB-CF4C-4756-BBA5-82EA82C25AEC}"
EndProject
Global
	GlobalSection(SolutionConfigurationPlatforms) = preSolution
		Debug|Any CPU = Debug|Any CPU
		Release|Any CPU = Release|Any CPU
	EndGlobalSection
	GlobalSection(ProjectConfigurationPlatforms) = postSolution
		{3DADADAF-A133-4596-9A59-0221C2806261}.Debug|Any CPU.ActiveCfg = Debug|Any CPU
		{3DADADAF-A133-4596-9A59-0221C2806261}.Debug|Any CPU.Build.0 = Debug|Any CPU
		{3DADADAF-A133-4596-9A59-0221C2806261}.Release|Any CPU.ActiveCfg = Release|Any CPU
		{3DADADAF-A133-4596-9A59-0221C2806261}.Release|Any CPU.Build.0 = Release|Any CPU
		{010D4BAB-CF4C-4756-BBA5-82EA82C25AEC}.Debug|Any CPU.ActiveCfg = Debug|Any CPU
		{010D4BAB-CF4C-4756-BBA5-82EA82C25AEC}.Debug|Any CPU.Build.0 = Debug|Any CPU
		{010D4BAB-CF4C-4756-BBA5-82EA82C25AEC}.Release|Any CPU.ActiveCfg = Release|Any CPU
		{010D4BAB-CF4C-4756-BBA5-82EA82C25AEC}.Release|Any CPU.Build.0 = Release|Any CPU
	EndGlobalSection
	GlobalSection(SolutionProperties) = preSolution
		HideSolutionNode = FALSE
	EndGlobalSection
	GlobalSection(ExtensibilityGlobals) = postSolution
		SolutionGuid = {E48CC727-CEC6-4B38-934C-3CE48D86B8D6}
	EndGlobalSection
EndGlobal
