
Microsoft Visual Studio Solution File, Format Version 12.00
# Visual Studio Version 17
VisualStudioVersion = 17.0.31808.319
MinimumVisualStudioVersion = 10.0.40219.1
Project("{FAE04EC0-301F-11D3-BF4B-00C04F79EFBC}") = "PasswordTaker", "PasswordTaker\PasswordTaker.csproj", "{32853B1A-40C0-4CA7-8329-56398B63363E}"
EndProject
Global
	GlobalSection(SolutionConfigurationPlatforms) = preSolution
		Debug|Any CPU = Debug|Any CPU
		Release|Any CPU = Release|Any CPU
	EndGlobalSection
	GlobalSection(ProjectConfigurationPlatforms) = postSolution
		{32853B1A-40C0-4CA7-8329-56398B63363E}.Debug|Any CPU.ActiveCfg = Debug|Any CPU
		{32853B1A-40C0-4CA7-8329-56398B63363E}.Debug|Any CPU.Build.0 = Debug|Any CPU
		{32853B1A-40C0-4CA7-8329-56398B63363E}.Release|Any CPU.ActiveCfg = Release|Any CPU
		{32853B1A-40C0-4CA7-8329-56398B63363E}.Release|Any CPU.Build.0 = Release|Any CPU
	EndGlobalSection
	GlobalSection(SolutionProperties) = preSolution
		HideSolutionNode = FALSE
	EndGlobalSection
	GlobalSection(ExtensibilityGlobals) = postSolution
		SolutionGuid = {9E9B5C10-9E73-45C6-9BA5-6E25EA3CEC38}
	EndGlobalSection
EndGlobal
