
Microsoft Visual Studio Solution File, Format Version 12.00
# Visual Studio Version 16
VisualStudioVersion = 16.0.31605.320
MinimumVisualStudioVersion = 10.0.40219.1
Project("{FAE04EC0-301F-11D3-BF4B-00C04F79EFBC}") = "Basics", "Basics\Basics.csproj", "{8A012F3A-05CD-4714-B784-E50F93528A86}"
EndProject
Global
	GlobalSection(SolutionConfigurationPlatforms) = preSolution
		Debug|Any CPU = Debug|Any CPU
		Release|Any CPU = Release|Any CPU
	EndGlobalSection
	GlobalSection(ProjectConfigurationPlatforms) = postSolution
		{8A012F3A-05CD-4714-B784-E50F93528A86}.Debug|Any CPU.ActiveCfg = Debug|Any CPU
		{8A012F3A-05CD-4714-B784-E50F93528A86}.Debug|Any CPU.Build.0 = Debug|Any CPU
		{8A012F3A-05CD-4714-B784-E50F93528A86}.Release|Any CPU.ActiveCfg = Release|Any CPU
		{8A012F3A-05CD-4714-B784-E50F93528A86}.Release|Any CPU.Build.0 = Release|Any CPU
	EndGlobalSection
	GlobalSection(SolutionProperties) = preSolution
		HideSolutionNode = FALSE
	EndGlobalSection
	GlobalSection(ExtensibilityGlobals) = postSolution
		SolutionGuid = {5BCA90AE-1142-40A6-B592-B8E653DE9F0F}
	EndGlobalSection
EndGlobal
