
Microsoft Visual Studio Solution File, Format Version 12.00
# Visual Studio Version 17
VisualStudioVersion = 17.0.31612.314
MinimumVisualStudioVersion = 10.0.40219.1
Project("{FAE04EC0-301F-11D3-BF4B-00C04F79EFBC}") = "Server", "Server\Server.csproj", "{EB025B29-EE15-47E7-A4EF-4C242BC77F10}"
EndProject
Project("{FAE04EC0-301F-11D3-BF4B-00C04F79EFBC}") = "Client", "Client\Client.csproj", "{079E5A39-05AD-48E7-860C-CCF9692DDD57}"
EndProject
Project("{FAE04EC0-301F-11D3-BF4B-00C04F79EFBC}") = "GeneralRemout", "GeneralRemout\GeneralRemout.csproj", "{6F5C97AC-39B1-46E5-AF54-DF8059101794}"
EndProject
Global
	GlobalSection(SolutionConfigurationPlatforms) = preSolution
		Debug|Any CPU = Debug|Any CPU
		Release|Any CPU = Release|Any CPU
	EndGlobalSection
	GlobalSection(ProjectConfigurationPlatforms) = postSolution
		{EB025B29-EE15-47E7-A4EF-4C242BC77F10}.Debug|Any CPU.ActiveCfg = Debug|Any CPU
		{EB025B29-EE15-47E7-A4EF-4C242BC77F10}.Debug|Any CPU.Build.0 = Debug|Any CPU
		{EB025B29-EE15-47E7-A4EF-4C242BC77F10}.Release|Any CPU.ActiveCfg = Release|Any CPU
		{EB025B29-EE15-47E7-A4EF-4C242BC77F10}.Release|Any CPU.Build.0 = Release|Any CPU
		{079E5A39-05AD-48E7-860C-CCF9692DDD57}.Debug|Any CPU.ActiveCfg = Debug|Any CPU
		{079E5A39-05AD-48E7-860C-CCF9692DDD57}.Debug|Any CPU.Build.0 = Debug|Any CPU
		{079E5A39-05AD-48E7-860C-CCF9692DDD57}.Release|Any CPU.ActiveCfg = Release|Any CPU
		{079E5A39-05AD-48E7-860C-CCF9692DDD57}.Release|Any CPU.Build.0 = Release|Any CPU
		{6F5C97AC-39B1-46E5-AF54-DF8059101794}.Debug|Any CPU.ActiveCfg = Debug|Any CPU
		{6F5C97AC-39B1-46E5-AF54-DF8059101794}.Debug|Any CPU.Build.0 = Debug|Any CPU
		{6F5C97AC-39B1-46E5-AF54-DF8059101794}.Release|Any CPU.ActiveCfg = Release|Any CPU
		{6F5C97AC-39B1-46E5-AF54-DF8059101794}.Release|Any CPU.Build.0 = Release|Any CPU
	EndGlobalSection
	GlobalSection(SolutionProperties) = preSolution
		HideSolutionNode = FALSE
	EndGlobalSection
	GlobalSection(ExtensibilityGlobals) = postSolution
		SolutionGuid = {FB48D092-8E3D-4CF5-ADA9-A706924DF7FB}
	EndGlobalSection
EndGlobal
