
Microsoft Visual Studio Solution File, Format Version 12.00
# Visual Studio Version 16
VisualStudioVersion = 16.0.31605.320
MinimumVisualStudioVersion = 10.0.40219.1
Project("{9A19103F-16F7-4668-BE54-9A1E7A4F7556}") = "PostgreSqlProvider", "PostgreSqlProvider\PostgreSqlProvider.csproj", "{3BBF2706-DF67-423C-928F-3165B0DD73F7}"
EndProject
Project("{FAE04EC0-301F-11D3-BF4B-00C04F79EFBC}") = "MySqlProvider", "MySqlProvider\MySqlProvider.csproj", "{CCC33592-CCEA-40F7-87E8-7BE184FEF086}"
EndProject
Global
	GlobalSection(SolutionConfigurationPlatforms) = preSolution
		Debug|Any CPU = Debug|Any CPU
		Release|Any CPU = Release|Any CPU
	EndGlobalSection
	GlobalSection(ProjectConfigurationPlatforms) = postSolution
		{3BBF2706-DF67-423C-928F-3165B0DD73F7}.Debug|Any CPU.ActiveCfg = Debug|Any CPU
		{3BBF2706-DF67-423C-928F-3165B0DD73F7}.Debug|Any CPU.Build.0 = Debug|Any CPU
		{3BBF2706-DF67-423C-928F-3165B0DD73F7}.Release|Any CPU.ActiveCfg = Release|Any CPU
		{3BBF2706-DF67-423C-928F-3165B0DD73F7}.Release|Any CPU.Build.0 = Release|Any CPU
		{CCC33592-CCEA-40F7-87E8-7BE184FEF086}.Debug|Any CPU.ActiveCfg = Debug|Any CPU
		{CCC33592-CCEA-40F7-87E8-7BE184FEF086}.Debug|Any CPU.Build.0 = Debug|Any CPU
		{CCC33592-CCEA-40F7-87E8-7BE184FEF086}.Release|Any CPU.ActiveCfg = Release|Any CPU
		{CCC33592-CCEA-40F7-87E8-7BE184FEF086}.Release|Any CPU.Build.0 = Release|Any CPU
	EndGlobalSection
	GlobalSection(SolutionProperties) = preSolution
		HideSolutionNode = FALSE
	EndGlobalSection
	GlobalSection(ExtensibilityGlobals) = postSolution
		SolutionGuid = {D4D01511-FF56-4DB4-AEE4-D7717DD1C3B1}
	EndGlobalSection
EndGlobal
