
Microsoft Visual Studio Solution File, Format Version 12.00
# Visual Studio Version 16
VisualStudioVersion = 16.0.30204.135
MinimumVisualStudioVersion = 10.0.40219.1
Project("{FAE04EC0-301F-11D3-BF4B-00C04F79EFBC}") = "ShootingStars", "ShootingStars\ShootingStars.csproj", "{57FD4515-89E8-4A52-B9AE-060EB7ED9232}"
EndProject
Global
	GlobalSection(SolutionConfigurationPlatforms) = preSolution
		Debug|Any CPU = Debug|Any CPU
		Release|Any CPU = Release|Any CPU
	EndGlobalSection
	GlobalSection(ProjectConfigurationPlatforms) = postSolution
		{57FD4515-89E8-4A52-B9AE-060EB7ED9232}.Debug|Any CPU.ActiveCfg = Debug|Any CPU
		{57FD4515-89E8-4A52-B9AE-060EB7ED9232}.Debug|Any CPU.Build.0 = Debug|Any CPU
		{57FD4515-89E8-4A52-B9AE-060EB7ED9232}.Release|Any CPU.ActiveCfg = Release|Any CPU
		{57FD4515-89E8-4A52-B9AE-060EB7ED9232}.Release|Any CPU.Build.0 = Release|Any CPU
	EndGlobalSection
	GlobalSection(SolutionProperties) = preSolution
		HideSolutionNode = FALSE
	EndGlobalSection
	GlobalSection(ExtensibilityGlobals) = postSolution
		SolutionGuid = {1A4D940B-0B52-4820-B6E0-0DA55CCB9022}
	EndGlobalSection
EndGlobal
