
Microsoft Visual Studio Solution File, Format Version 12.00
# Visual Studio Version 16
VisualStudioVersion = 16.0.30717.126
MinimumVisualStudioVersion = 10.0.40219.1
Project("{FAE04EC0-301F-11D3-BF4B-00C04F79EFBC}") = "UserInterface", "UserInterface\UserInterface.csproj", "{8726A812-2B07-4B6C-B21D-E6018D8DF7A5}"
EndProject
Project("{FAE04EC0-301F-11D3-BF4B-00C04F79EFBC}") = "FractionalLibrary", "FractionalLibrary\FractionalLibrary.csproj", "{6BAA27CC-23AF-42C2-96C1-EBB4309B8118}"
EndProject
Project("{FAE04EC0-301F-11D3-BF4B-00C04F79EFBC}") = "FractionalNumberTests", "FractionalNumberTests\FractionalNumberTests.csproj", "{E78BBC45-177D-49E7-9992-A94C216A0249}"
EndProject
Global
	GlobalSection(SolutionConfigurationPlatforms) = preSolution
		Debug|Any CPU = Debug|Any CPU
		Release|Any CPU = Release|Any CPU
	EndGlobalSection
	GlobalSection(ProjectConfigurationPlatforms) = postSolution
		{8726A812-2B07-4B6C-B21D-E6018D8DF7A5}.Debug|Any CPU.ActiveCfg = Debug|Any CPU
		{8726A812-2B07-4B6C-B21D-E6018D8DF7A5}.Debug|Any CPU.Build.0 = Debug|Any CPU
		{8726A812-2B07-4B6C-B21D-E6018D8DF7A5}.Release|Any CPU.ActiveCfg = Release|Any CPU
		{8726A812-2B07-4B6C-B21D-E6018D8DF7A5}.Release|Any CPU.Build.0 = Release|Any CPU
		{6BAA27CC-23AF-42C2-96C1-EBB4309B8118}.Debug|Any CPU.ActiveCfg = Debug|Any CPU
		{6BAA27CC-23AF-42C2-96C1-EBB4309B8118}.Debug|Any CPU.Build.0 = Debug|Any CPU
		{6BAA27CC-23AF-42C2-96C1-EBB4309B8118}.Release|Any CPU.ActiveCfg = Release|Any CPU
		{6BAA27CC-23AF-42C2-96C1-EBB4309B8118}.Release|Any CPU.Build.0 = Release|Any CPU
		{E78BBC45-177D-49E7-9992-A94C216A0249}.Debug|Any CPU.ActiveCfg = Debug|Any CPU
		{E78BBC45-177D-49E7-9992-A94C216A0249}.Debug|Any CPU.Build.0 = Debug|Any CPU
		{E78BBC45-177D-49E7-9992-A94C216A0249}.Release|Any CPU.ActiveCfg = Release|Any CPU
		{E78BBC45-177D-49E7-9992-A94C216A0249}.Release|Any CPU.Build.0 = Release|Any CPU
	EndGlobalSection
	GlobalSection(SolutionProperties) = preSolution
		HideSolutionNode = FALSE
	EndGlobalSection
	GlobalSection(ExtensibilityGlobals) = postSolution
		SolutionGuid = {48F9C9EC-E4DD-46AE-9750-95E2D9E6D6B8}
	EndGlobalSection
EndGlobal
